
Microsoft Visual Studio Solution File, Format Version 12.00
# Visual Studio Version 17
VisualStudioVersion = 17.14.36705.20 d17.14
MinimumVisualStudioVersion = 10.0.40219.1
Project("{FAE04EC0-301F-11D3-BF4B-00C04F79EFBC}") = "c-sharp-sleep", "c-sharp-sleep.csproj", "{C66E3E33-6D54-4CB2-B418-47EA194E5BBA}"
EndProject
Global
	GlobalSection(SolutionConfigurationPlatforms) = preSolution
		Debug|Any CPU = Debug|Any CPU
		Release|Any CPU = Release|Any CPU
	EndGlobalSection
	GlobalSection(ProjectConfigurationPlatforms) = postSolution
		{C66E3E33-6D54-4CB2-B418-47EA194E5BBA}.Debug|Any CPU.ActiveCfg = Debug|Any CPU
		{C66E3E33-6D54-4CB2-B418-47EA194E5BBA}.Debug|Any CPU.Build.0 = Debug|Any CPU
		{C66E3E33-6D54-4CB2-B418-47EA194E5BBA}.Release|Any CPU.ActiveCfg = Release|Any CPU
		{C66E3E33-6D54-4CB2-B418-47EA194E5BBA}.Release|Any CPU.Build.0 = Release|Any CPU
	EndGlobalSection
	GlobalSection(SolutionProperties) = preSolution
		HideSolutionNode = FALSE
	EndGlobalSection
	GlobalSection(ExtensibilityGlobals) = postSolution
		SolutionGuid = {79B7FFA1-77AC-4F95-8F4D-D4E389972F3F}
	EndGlobalSection
EndGlobal
